
Microsoft Visual Studio Solution File, Format Version 12.00
# Visual Studio Version 17
VisualStudioVersion = 17.3.32825.248
MinimumVisualStudioVersion = 10.0.40219.1
Project("{9A19103F-16F7-4668-BE54-9A1E7A4F7556}") = "FarmUp", "FarmUp\FarmUp.csproj", "{C12C8F9A-A2AF-476F-B115-6FC02AF91528}"
EndProject
Project("{FAE04EC0-301F-11D3-BF4B-00C04F79EFBC}") = "WeatherRobot", "WeatherRobot\WeatherRobot.csproj", "{1C65C65B-1F3E-4BEC-936B-A747E7235E43}"
EndProject
Project("{FAE04EC0-301F-11D3-BF4B-00C04F79EFBC}") = "WeatherRobotYr", "WeatherRobotYr\WeatherRobotYr.csproj", "{1C65C65B-1F3E-4BEC-936B-A747E7235E45}"
EndProject
Project("{FAE04EC0-301F-11D3-BF4B-00C04F79EFBC}") = "Util", "Util\Util.csproj", "{5828EFE3-708B-4DCE-BEB5-4F96FD295D52}"
EndProject
Project("{FAE04EC0-301F-11D3-BF4B-00C04F79EFBC}") = "LineNoti", "LineNoti\LineNoti.csproj", "{4A77FE01-876B-44AE-837A-9635333D8677}"
EndProject
Global
	GlobalSection(SolutionConfigurationPlatforms) = preSolution
		Debug|Any CPU = Debug|Any CPU
		Release|Any CPU = Release|Any CPU
	EndGlobalSection
	GlobalSection(ProjectConfigurationPlatforms) = postSolution
		{C12C8F9A-A2AF-476F-B115-6FC02AF91528}.Debug|Any CPU.ActiveCfg = Debug|Any CPU
		{C12C8F9A-A2AF-476F-B115-6FC02AF91528}.Debug|Any CPU.Build.0 = Debug|Any CPU
		{C12C8F9A-A2AF-476F-B115-6FC02AF91528}.Release|Any CPU.ActiveCfg = Release|Any CPU
		{C12C8F9A-A2AF-476F-B115-6FC02AF91528}.Release|Any CPU.Build.0 = Release|Any CPU
		{1C65C65B-1F3E-4BEC-936B-A747E7235E43}.Debug|Any CPU.ActiveCfg = Debug|Any CPU
		{1C65C65B-1F3E-4BEC-936B-A747E7235E43}.Debug|Any CPU.Build.0 = Debug|Any CPU
		{1C65C65B-1F3E-4BEC-936B-A747E7235E43}.Release|Any CPU.ActiveCfg = Release|Any CPU
		{1C65C65B-1F3E-4BEC-936B-A747E7235E43}.Release|Any CPU.Build.0 = Release|Any CPU
		{1C65C65B-1F3E-4BEC-936B-A747E7235E45}.Debug|Any CPU.ActiveCfg = Debug|Any CPU
		{1C65C65B-1F3E-4BEC-936B-A747E7235E45}.Debug|Any CPU.Build.0 = Debug|Any CPU
		{1C65C65B-1F3E-4BEC-936B-A747E7235E45}.Release|Any CPU.ActiveCfg = Release|Any CPU
		{1C65C65B-1F3E-4BEC-936B-A747E7235E45}.Release|Any CPU.Build.0 = Release|Any CPU
		{5828EFE3-708B-4DCE-BEB5-4F96FD295D52}.Debug|Any CPU.ActiveCfg = Debug|Any CPU
		{5828EFE3-708B-4DCE-BEB5-4F96FD295D52}.Debug|Any CPU.Build.0 = Debug|Any CPU
		{5828EFE3-708B-4DCE-BEB5-4F96FD295D52}.Release|Any CPU.ActiveCfg = Release|Any CPU
		{5828EFE3-708B-4DCE-BEB5-4F96FD295D52}.Release|Any CPU.Build.0 = Release|Any CPU
		{4A77FE01-876B-44AE-837A-9635333D8677}.Debug|Any CPU.ActiveCfg = Debug|Any CPU
		{4A77FE01-876B-44AE-837A-9635333D8677}.Debug|Any CPU.Build.0 = Debug|Any CPU
		{4A77FE01-876B-44AE-837A-9635333D8677}.Release|Any CPU.ActiveCfg = Release|Any CPU
		{4A77FE01-876B-44AE-837A-9635333D8677}.Release|Any CPU.Build.0 = Release|Any CPU
	EndGlobalSection
	GlobalSection(SolutionProperties) = preSolution
		HideSolutionNode = FALSE
	EndGlobalSection
	GlobalSection(ExtensibilityGlobals) = postSolution
		SolutionGuid = {0A2B5298-992E-4B82-87AB-5AA9B79311E8}
	EndGlobalSection
EndGlobal
